{
  "nodes": {
    "disko": {
      "inputs": {
        "nixpkgs": [
          "nixpkgs"
        ]
      },
      "locked": {
        "lastModified": 1741786315,
        "narHash": "sha256-VT65AE2syHVj6v/DGB496bqBnu1PXrrzwlw07/Zpllc=",
        "owner": "nix-community",
        "repo": "disko",
        "rev": "0d8c6ad4a43906d14abd5c60e0ffe7b587b213de",
        "type": "github"
      },
      "original": {
        "owner": "nix-community",
        "repo": "disko",
        "type": "github"
      }
    },
    "home-manager": {
      "inputs": {
        "nixpkgs": [
          "nixpkgs"
        ]
      },
      "locked": {
        "lastModified": 1743097780,
        "narHash": "sha256-5tUbaMBKYbfTe/4aXACxmiXG22TgwPBNcfZ8Kg3rt+g=",
        "owner": "nix-community",
        "repo": "home-manager",
        "rev": "b14a70c40f4fd0b73d095ab04a7c6e31fbc18e52",
        "type": "github"
      },
      "original": {
        "owner": "nix-community",
        "ref": "master",
        "repo": "home-manager",
        "type": "github"
      }
    },
    "nixos-06cb-009a-fingerprint-sensor": {
      "inputs": {
        "nixpkgs": [
          "nixpkgs"
        ]
      },
      "locked": {
        "lastModified": 1742754244,
        "narHash": "sha256-7/nUhwE8bEZsZS42rj/Al5fQZlAUHi2yd3ONo3mDmos=",
        "owner": "m4r1vs",
        "repo": "nixos-06cb-009a-fingerprint-sensor",
        "rev": "58fa24011e3c9ad4bfb0fb6d2bae9eb8ba8f9594",
        "type": "github"
      },
      "original": {
        "owner": "m4r1vs",
        "ref": "24.11",
        "repo": "nixos-06cb-009a-fingerprint-sensor",
        "type": "github"
      }
    },
    "nixpkgs": {
      "locked": {
        "lastModified": 1742889210,
        "narHash": "sha256-hw63HnwnqU3ZQfsMclLhMvOezpM7RSB0dMAtD5/sOiw=",
        "owner": "nixos",
        "repo": "nixpkgs",
        "rev": "698214a32beb4f4c8e3942372c694f40848b360d",
        "type": "github"
      },
      "original": {
        "owner": "nixos",
        "ref": "nixos-unstable",
        "repo": "nixpkgs",
        "type": "github"
      }
    },
    "nixpkgs_gimp3": {
      "locked": {
        "lastModified": 1743081868,
        "narHash": "sha256-F1TlnVSuPzJKdGQtc5ERA+sbYm4n08HJ3PKCSmhTDc4=",
        "owner": "m4r1vs",
        "repo": "nixpkgs",
        "rev": "2858003bce7782bd13db349135eba425f904879f",
        "type": "github"
      },
      "original": {
        "owner": "m4r1vs",
        "ref": "master",
        "repo": "nixpkgs",
        "type": "github"
      }
    },
    "nixpkgs_main": {
      "locked": {
        "lastModified": 1743115832,
        "narHash": "sha256-ltekInwzZCaPc+3fPlxjstfw08HttrP3vuMNg2jqJ/U=",
        "owner": "nixos",
        "repo": "nixpkgs",
        "rev": "caf57108256f98a9b28e6d2b2e821c9265d03cae",
        "type": "github"
      },
      "original": {
        "owner": "nixos",
        "ref": "master",
        "repo": "nixpkgs",
        "type": "github"
      }
    },
    "root": {
      "inputs": {
        "disko": "disko",
        "home-manager": "home-manager",
        "nixos-06cb-009a-fingerprint-sensor": "nixos-06cb-009a-fingerprint-sensor",
        "nixpkgs": "nixpkgs",
        "nixpkgs_gimp3": "nixpkgs_gimp3",
        "nixpkgs_main": "nixpkgs_main"
      }
    }
  },
  "root": "root",
  "version": 7
}
